
Microsoft Visual Studio Solution File, Format Version 12.00
# Visual Studio Version 17
VisualStudioVersion = 17.12.35527.113
MinimumVisualStudioVersion = 10.0.40219.1
Project("{FAE04EC0-301F-11D3-BF4B-00C04F79EFBC}") = "ClinicalTrial.App", "ClinicalTrial.App\ClinicalTrial.App.csproj", "{EAD8D23E-600A-47F5-BEF1-A377712BE0F6}"
EndProject
Project("{FAE04EC0-301F-11D3-BF4B-00C04F79EFBC}") = "ClinicalTrial.Application", "ClinicalTrial.Application\ClinicalTrial.Application.csproj", "{93F5A64D-CCEE-4647-8F72-664E70C5A6A2}"
EndProject
Project("{FAE04EC0-301F-11D3-BF4B-00C04F79EFBC}") = "ClinicalTrial.Domain", "ClinicalTrial.Domain\ClinicalTrial.Domain.csproj", "{ED0E0115-53D5-49ED-89F1-58B697C2D20B}"
EndProject
Project("{FAE04EC0-301F-11D3-BF4B-00C04F79EFBC}") = "ClinicalTrial.Infrastructure", "ClinicalTrial.Infrastructure\ClinicalTrial.Infrastructure.csproj", "{60722D71-6B67-4F28-B9B6-077863221F80}"
EndProject
Project("{FAE04EC0-301F-11D3-BF4B-00C04F79EFBC}") = "ClinicalTrial.Presentation", "ClinicalTrial.Presentation\ClinicalTrial.Presentation.csproj", "{E3AF7EAD-AA07-4B96-A4EE-ED6B639334EE}"
EndProject
Project("{FAE04EC0-301F-11D3-BF4B-00C04F79EFBC}") = "ClinicalTrial.UnitTests", "ClinicalTrial.UnitTests\ClinicalTrial.UnitTests.csproj", "{F1630F7A-B671-44CF-A039-1B9525C6379F}"
EndProject
Global
	GlobalSection(SolutionConfigurationPlatforms) = preSolution
		Debug|Any CPU = Debug|Any CPU
		Release|Any CPU = Release|Any CPU
	EndGlobalSection
	GlobalSection(ProjectConfigurationPlatforms) = postSolution
		{EAD8D23E-600A-47F5-BEF1-A377712BE0F6}.Debug|Any CPU.ActiveCfg = Debug|Any CPU
		{EAD8D23E-600A-47F5-BEF1-A377712BE0F6}.Debug|Any CPU.Build.0 = Debug|Any CPU
		{EAD8D23E-600A-47F5-BEF1-A377712BE0F6}.Release|Any CPU.ActiveCfg = Release|Any CPU
		{EAD8D23E-600A-47F5-BEF1-A377712BE0F6}.Release|Any CPU.Build.0 = Release|Any CPU
		{93F5A64D-CCEE-4647-8F72-664E70C5A6A2}.Debug|Any CPU.ActiveCfg = Debug|Any CPU
		{93F5A64D-CCEE-4647-8F72-664E70C5A6A2}.Debug|Any CPU.Build.0 = Debug|Any CPU
		{93F5A64D-CCEE-4647-8F72-664E70C5A6A2}.Release|Any CPU.ActiveCfg = Release|Any CPU
		{93F5A64D-CCEE-4647-8F72-664E70C5A6A2}.Release|Any CPU.Build.0 = Release|Any CPU
		{ED0E0115-53D5-49ED-89F1-58B697C2D20B}.Debug|Any CPU.ActiveCfg = Debug|Any CPU
		{ED0E0115-53D5-49ED-89F1-58B697C2D20B}.Debug|Any CPU.Build.0 = Debug|Any CPU
		{ED0E0115-53D5-49ED-89F1-58B697C2D20B}.Release|Any CPU.ActiveCfg = Release|Any CPU
		{ED0E0115-53D5-49ED-89F1-58B697C2D20B}.Release|Any CPU.Build.0 = Release|Any CPU
		{60722D71-6B67-4F28-B9B6-077863221F80}.Debug|Any CPU.ActiveCfg = Debug|Any CPU
		{60722D71-6B67-4F28-B9B6-077863221F80}.Debug|Any CPU.Build.0 = Debug|Any CPU
		{60722D71-6B67-4F28-B9B6-077863221F80}.Release|Any CPU.ActiveCfg = Release|Any CPU
		{60722D71-6B67-4F28-B9B6-077863221F80}.Release|Any CPU.Build.0 = Release|Any CPU
		{E3AF7EAD-AA07-4B96-A4EE-ED6B639334EE}.Debug|Any CPU.ActiveCfg = Debug|Any CPU
		{E3AF7EAD-AA07-4B96-A4EE-ED6B639334EE}.Debug|Any CPU.Build.0 = Debug|Any CPU
		{E3AF7EAD-AA07-4B96-A4EE-ED6B639334EE}.Release|Any CPU.ActiveCfg = Release|Any CPU
		{E3AF7EAD-AA07-4B96-A4EE-ED6B639334EE}.Release|Any CPU.Build.0 = Release|Any CPU
		{F1630F7A-B671-44CF-A039-1B9525C6379F}.Debug|Any CPU.ActiveCfg = Debug|Any CPU
		{F1630F7A-B671-44CF-A039-1B9525C6379F}.Debug|Any CPU.Build.0 = Debug|Any CPU
		{F1630F7A-B671-44CF-A039-1B9525C6379F}.Release|Any CPU.ActiveCfg = Release|Any CPU
		{F1630F7A-B671-44CF-A039-1B9525C6379F}.Release|Any CPU.Build.0 = Release|Any CPU
	EndGlobalSection
	GlobalSection(SolutionProperties) = preSolution
		HideSolutionNode = FALSE
	EndGlobalSection
EndGlobal
