
Microsoft Visual Studio Solution File, Format Version 12.00
# Visual Studio Version 17
VisualStudioVersion = 17.12.35527.113 d17.12
MinimumVisualStudioVersion = 10.0.40219.1
Project("{FAE04EC0-301F-11D3-BF4B-00C04F79EFBC}") = "ClinicalTrial.App", "ClinicalTrial.App\ClinicalTrial.App.csproj", "{EAD8D23E-600A-47F5-BEF1-A377712BE0F6}"
EndProject
Project("{FAE04EC0-301F-11D3-BF4B-00C04F79EFBC}") = "ClinicalTrial.Application", "ClinicalTrial.Application\ClinicalTrial.Application.csproj", "{93F5A64D-CCEE-4647-8F72-664E70C5A6A2}"
EndProject
Project("{FAE04EC0-301F-11D3-BF4B-00C04F79EFBC}") = "ClinicalTrial.Domain", "ClinicalTrial.Domain\ClinicalTrial.Domain.csproj", "{ED0E0115-53D5-49ED-89F1-58B697C2D20B}"
EndProject
Global
	GlobalSection(SolutionConfigurationPlatforms) = preSolution
		Debug|Any CPU = Debug|Any CPU
		Release|Any CPU = Release|Any CPU
	EndGlobalSection
	GlobalSection(ProjectConfigurationPlatforms) = postSolution
		{EAD8D23E-600A-47F5-BEF1-A377712BE0F6}.Debug|Any CPU.ActiveCfg = Debug|Any CPU
		{EAD8D23E-600A-47F5-BEF1-A377712BE0F6}.Debug|Any CPU.Build.0 = Debug|Any CPU
		{EAD8D23E-600A-47F5-BEF1-A377712BE0F6}.Release|Any CPU.ActiveCfg = Release|Any CPU
		{EAD8D23E-600A-47F5-BEF1-A377712BE0F6}.Release|Any CPU.Build.0 = Release|Any CPU
		{93F5A64D-CCEE-4647-8F72-664E70C5A6A2}.Debug|Any CPU.ActiveCfg = Debug|Any CPU
		{93F5A64D-CCEE-4647-8F72-664E70C5A6A2}.Debug|Any CPU.Build.0 = Debug|Any CPU
		{93F5A64D-CCEE-4647-8F72-664E70C5A6A2}.Release|Any CPU.ActiveCfg = Release|Any CPU
		{93F5A64D-CCEE-4647-8F72-664E70C5A6A2}.Release|Any CPU.Build.0 = Release|Any CPU
		{ED0E0115-53D5-49ED-89F1-58B697C2D20B}.Debug|Any CPU.ActiveCfg = Debug|Any CPU
		{ED0E0115-53D5-49ED-89F1-58B697C2D20B}.Debug|Any CPU.Build.0 = Debug|Any CPU
		{ED0E0115-53D5-49ED-89F1-58B697C2D20B}.Release|Any CPU.ActiveCfg = Release|Any CPU
		{ED0E0115-53D5-49ED-89F1-58B697C2D20B}.Release|Any CPU.Build.0 = Release|Any CPU
	EndGlobalSection
	GlobalSection(SolutionProperties) = preSolution
		HideSolutionNode = FALSE
	EndGlobalSection
EndGlobal
